
Microsoft Visual Studio Solution File, Format Version 12.00
# Visual Studio Version 17
VisualStudioVersion = 17.2.32519.379
MinimumVisualStudioVersion = 10.0.40219.1
Project("{FAE04EC0-301F-11D3-BF4B-00C04F79EFBC}") = "day 15 binary seach tree", "day 15 binary seach tree\day 15 binary seach tree.csproj", "{DC5E9C8D-485E-4085-B57C-F9834DEEBA69}"
EndProject
Project("{FAE04EC0-301F-11D3-BF4B-00C04F79EFBC}") = "day 15 binary search uc2", "day 15 binary search uc2\day 15 binary search uc2.csproj", "{8BFE4D69-04A9-43D3-9628-6A2D5BA4FB60}"
EndProject
Project("{FAE04EC0-301F-11D3-BF4B-00C04F79EFBC}") = "day15 binary serach uc3", "day15 binary serach uc3\day15 binary serach uc3.csproj", "{236BC11A-0AC9-44AA-A18A-B535726CE15F}"
EndProject
Global
	GlobalSection(SolutionConfigurationPlatforms) = preSolution
		Debug|Any CPU = Debug|Any CPU
		Release|Any CPU = Release|Any CPU
	EndGlobalSection
	GlobalSection(ProjectConfigurationPlatforms) = postSolution
		{DC5E9C8D-485E-4085-B57C-F9834DEEBA69}.Debug|Any CPU.ActiveCfg = Debug|Any CPU
		{DC5E9C8D-485E-4085-B57C-F9834DEEBA69}.Debug|Any CPU.Build.0 = Debug|Any CPU
		{DC5E9C8D-485E-4085-B57C-F9834DEEBA69}.Release|Any CPU.ActiveCfg = Release|Any CPU
		{DC5E9C8D-485E-4085-B57C-F9834DEEBA69}.Release|Any CPU.Build.0 = Release|Any CPU
		{8BFE4D69-04A9-43D3-9628-6A2D5BA4FB60}.Debug|Any CPU.ActiveCfg = Debug|Any CPU
		{8BFE4D69-04A9-43D3-9628-6A2D5BA4FB60}.Debug|Any CPU.Build.0 = Debug|Any CPU
		{8BFE4D69-04A9-43D3-9628-6A2D5BA4FB60}.Release|Any CPU.ActiveCfg = Release|Any CPU
		{8BFE4D69-04A9-43D3-9628-6A2D5BA4FB60}.Release|Any CPU.Build.0 = Release|Any CPU
		{236BC11A-0AC9-44AA-A18A-B535726CE15F}.Debug|Any CPU.ActiveCfg = Debug|Any CPU
		{236BC11A-0AC9-44AA-A18A-B535726CE15F}.Debug|Any CPU.Build.0 = Debug|Any CPU
		{236BC11A-0AC9-44AA-A18A-B535726CE15F}.Release|Any CPU.ActiveCfg = Release|Any CPU
		{236BC11A-0AC9-44AA-A18A-B535726CE15F}.Release|Any CPU.Build.0 = Release|Any CPU
	EndGlobalSection
	GlobalSection(SolutionProperties) = preSolution
		HideSolutionNode = FALSE
	EndGlobalSection
	GlobalSection(ExtensibilityGlobals) = postSolution
		SolutionGuid = {FD906741-54D7-424F-91ED-6CF56D32AEEB}
	EndGlobalSection
EndGlobal
